
Microsoft Visual Studio Solution File, Format Version 12.00
# Visual Studio Version 17
VisualStudioVersion = 17.14.36623.8 d17.14
MinimumVisualStudioVersion = 10.0.40219.1
Project("{FAE04EC0-301F-11D3-BF4B-00C04F79EFBC}") = "task4", "task4\task4.csproj", "{08436F69-9648-433B-9759-1F57085498A8}"
EndProject
Global
	GlobalSection(SolutionConfigurationPlatforms) = preSolution
		Debug|Any CPU = Debug|Any CPU
		Release|Any CPU = Release|Any CPU
	EndGlobalSection
	GlobalSection(ProjectConfigurationPlatforms) = postSolution
		{08436F69-9648-433B-9759-1F57085498A8}.Debug|Any CPU.ActiveCfg = Debug|Any CPU
		{08436F69-9648-433B-9759-1F57085498A8}.Debug|Any CPU.Build.0 = Debug|Any CPU
		{08436F69-9648-433B-9759-1F57085498A8}.Release|Any CPU.ActiveCfg = Release|Any CPU
		{08436F69-9648-433B-9759-1F57085498A8}.Release|Any CPU.Build.0 = Release|Any CPU
	EndGlobalSection
	GlobalSection(SolutionProperties) = preSolution
		HideSolutionNode = FALSE
	EndGlobalSection
	GlobalSection(ExtensibilityGlobals) = postSolution
		SolutionGuid = {655941A3-7FF0-45EB-BEB5-85E6B0DC2002}
	EndGlobalSection
EndGlobal
