
Microsoft Visual Studio Solution File, Format Version 12.00
# Visual Studio Version 17
VisualStudioVersion = 17.14.36623.8 d17.14
MinimumVisualStudioVersion = 10.0.40219.1
Project("{FAE04EC0-301F-11D3-BF4B-00C04F79EFBC}") = "EMI", "EMI\EMI.csproj", "{6B9E1458-0FAA-4E80-AF33-DA1718F1199C}"
EndProject
Global
	GlobalSection(SolutionConfigurationPlatforms) = preSolution
		Debug|Any CPU = Debug|Any CPU
		Release|Any CPU = Release|Any CPU
	EndGlobalSection
	GlobalSection(ProjectConfigurationPlatforms) = postSolution
		{6B9E1458-0FAA-4E80-AF33-DA1718F1199C}.Debug|Any CPU.ActiveCfg = Debug|Any CPU
		{6B9E1458-0FAA-4E80-AF33-DA1718F1199C}.Debug|Any CPU.Build.0 = Debug|Any CPU
		{6B9E1458-0FAA-4E80-AF33-DA1718F1199C}.Release|Any CPU.ActiveCfg = Release|Any CPU
		{6B9E1458-0FAA-4E80-AF33-DA1718F1199C}.Release|Any CPU.Build.0 = Release|Any CPU
	EndGlobalSection
	GlobalSection(SolutionProperties) = preSolution
		HideSolutionNode = FALSE
	EndGlobalSection
	GlobalSection(ExtensibilityGlobals) = postSolution
		SolutionGuid = {05736373-6F55-4665-9882-B53CDBC89DE1}
	EndGlobalSection
EndGlobal
